
Microsoft Visual Studio Solution File, Format Version 12.00
# Visual Studio Version 17
VisualStudioVersion = 17.4.33110.190
MinimumVisualStudioVersion = 10.0.40219.1
Project("{FAE04EC0-301F-11D3-BF4B-00C04F79EFBC}") = "Algorithm", "Algorithm\Algorithm\Algorithm.csproj", "{CBFE6321-F3C0-452B-A3C0-DE6EC63DDB09}"
EndProject
Project("{FAE04EC0-301F-11D3-BF4B-00C04F79EFBC}") = "MyConsoleApp", "MyConsoleApp\MyConsoleApp.csproj", "{9DC31CB6-A348-471E-BF5A-C868704FDA29}"
EndProject
Global
	GlobalSection(SolutionConfigurationPlatforms) = preSolution
		Debug|Any CPU = Debug|Any CPU
		Release|Any CPU = Release|Any CPU
	EndGlobalSection
	GlobalSection(ProjectConfigurationPlatforms) = postSolution
		{CBFE6321-F3C0-452B-A3C0-DE6EC63DDB09}.Debug|Any CPU.ActiveCfg = Debug|Any CPU
		{CBFE6321-F3C0-452B-A3C0-DE6EC63DDB09}.Debug|Any CPU.Build.0 = Debug|Any CPU
		{CBFE6321-F3C0-452B-A3C0-DE6EC63DDB09}.Release|Any CPU.ActiveCfg = Release|Any CPU
		{CBFE6321-F3C0-452B-A3C0-DE6EC63DDB09}.Release|Any CPU.Build.0 = Release|Any CPU
		{9DC31CB6-A348-471E-BF5A-C868704FDA29}.Debug|Any CPU.ActiveCfg = Debug|Any CPU
		{9DC31CB6-A348-471E-BF5A-C868704FDA29}.Debug|Any CPU.Build.0 = Debug|Any CPU
		{9DC31CB6-A348-471E-BF5A-C868704FDA29}.Release|Any CPU.ActiveCfg = Release|Any CPU
		{9DC31CB6-A348-471E-BF5A-C868704FDA29}.Release|Any CPU.Build.0 = Release|Any CPU
	EndGlobalSection
	GlobalSection(SolutionProperties) = preSolution
		HideSolutionNode = FALSE
	EndGlobalSection
	GlobalSection(ExtensibilityGlobals) = postSolution
		SolutionGuid = {88B450F5-332A-4663-8A93-138DFDE04870}
	EndGlobalSection
EndGlobal
